
Microsoft Visual Studio Solution File, Format Version 12.00
# Visual Studio Version 17
VisualStudioVersion = 17.0.31903.59
MinimumVisualStudioVersion = 10.0.40219.1
Project("{9A19103F-16F7-4668-BE54-9A1E7A4F7556}") = "PlutoRover.Api", "PlutoRover.Api\PlutoRover.Api.csproj", "{F03E2EB1-D170-493B-AC77-A1C8BCEE49F5}"
EndProject
Project("{FAE04EC0-301F-11D3-BF4B-00C04F79EFBC}") = "PlutoRover.UnitTests", "PlutoRover.UnitTests\PlutoRover.UnitTests.csproj", "{E28C9E79-1192-456C-A14A-32E342EE792C}"
EndProject
Global
	GlobalSection(SolutionConfigurationPlatforms) = preSolution
		Debug|Any CPU = Debug|Any CPU
		Release|Any CPU = Release|Any CPU
	EndGlobalSection
	GlobalSection(ProjectConfigurationPlatforms) = postSolution
		{F03E2EB1-D170-493B-AC77-A1C8BCEE49F5}.Debug|Any CPU.ActiveCfg = Debug|Any CPU
		{F03E2EB1-D170-493B-AC77-A1C8BCEE49F5}.Debug|Any CPU.Build.0 = Debug|Any CPU
		{F03E2EB1-D170-493B-AC77-A1C8BCEE49F5}.Release|Any CPU.ActiveCfg = Release|Any CPU
		{F03E2EB1-D170-493B-AC77-A1C8BCEE49F5}.Release|Any CPU.Build.0 = Release|Any CPU
		{E28C9E79-1192-456C-A14A-32E342EE792C}.Debug|Any CPU.ActiveCfg = Debug|Any CPU
		{E28C9E79-1192-456C-A14A-32E342EE792C}.Debug|Any CPU.Build.0 = Debug|Any CPU
		{E28C9E79-1192-456C-A14A-32E342EE792C}.Release|Any CPU.ActiveCfg = Release|Any CPU
		{E28C9E79-1192-456C-A14A-32E342EE792C}.Release|Any CPU.Build.0 = Release|Any CPU
	EndGlobalSection
	GlobalSection(SolutionProperties) = preSolution
		HideSolutionNode = FALSE
	EndGlobalSection
	GlobalSection(ExtensibilityGlobals) = postSolution
		SolutionGuid = {E6A8D6BD-D327-445A-8A03-5BAD8344AA90}
	EndGlobalSection
EndGlobal
